
Microsoft Visual Studio Solution File, Format Version 12.00
# Visual Studio 15
VisualStudioVersion = 15.0.28010.2036
MinimumVisualStudioVersion = 10.0.40219.1
Project("{FAE04EC0-301F-11D3-BF4B-00C04F79EFBC}") = "AssetsClientApp", "AssetsClientApp\AssetsClientApp.csproj", "{97BFAB12-BD3C-4D41-8BC0-6643398050AA}"
EndProject
Project("{FAE04EC0-301F-11D3-BF4B-00C04F79EFBC}") = "AssetsService", "AssetsService\AssetsService.csproj", "{5CC39110-B7CC-48BF-8C40-CA3FAD8CE987}"
EndProject
Project("{FAE04EC0-301F-11D3-BF4B-00C04F79EFBC}") = "TestConsoleApp", "TestConsoleApp\TestConsoleApp.csproj", "{65320E19-45CC-4858-BAFD-D383A264A994}"
EndProject
Global
	GlobalSection(SolutionConfigurationPlatforms) = preSolution
		Debug|Any CPU = Debug|Any CPU
		Release|Any CPU = Release|Any CPU
	EndGlobalSection
	GlobalSection(ProjectConfigurationPlatforms) = postSolution
		{97BFAB12-BD3C-4D41-8BC0-6643398050AA}.Debug|Any CPU.ActiveCfg = Debug|Any CPU
		{97BFAB12-BD3C-4D41-8BC0-6643398050AA}.Debug|Any CPU.Build.0 = Debug|Any CPU
		{97BFAB12-BD3C-4D41-8BC0-6643398050AA}.Release|Any CPU.ActiveCfg = Release|Any CPU
		{97BFAB12-BD3C-4D41-8BC0-6643398050AA}.Release|Any CPU.Build.0 = Release|Any CPU
		{5CC39110-B7CC-48BF-8C40-CA3FAD8CE987}.Debug|Any CPU.ActiveCfg = Debug|Any CPU
		{5CC39110-B7CC-48BF-8C40-CA3FAD8CE987}.Debug|Any CPU.Build.0 = Debug|Any CPU
		{5CC39110-B7CC-48BF-8C40-CA3FAD8CE987}.Release|Any CPU.ActiveCfg = Release|Any CPU
		{5CC39110-B7CC-48BF-8C40-CA3FAD8CE987}.Release|Any CPU.Build.0 = Release|Any CPU
		{65320E19-45CC-4858-BAFD-D383A264A994}.Debug|Any CPU.ActiveCfg = Debug|Any CPU
		{65320E19-45CC-4858-BAFD-D383A264A994}.Debug|Any CPU.Build.0 = Debug|Any CPU
		{65320E19-45CC-4858-BAFD-D383A264A994}.Release|Any CPU.ActiveCfg = Release|Any CPU
		{65320E19-45CC-4858-BAFD-D383A264A994}.Release|Any CPU.Build.0 = Release|Any CPU
	EndGlobalSection
	GlobalSection(SolutionProperties) = preSolution
		HideSolutionNode = FALSE
	EndGlobalSection
	GlobalSection(ExtensibilityGlobals) = postSolution
		SolutionGuid = {96390B4A-7D20-4E1B-8770-41C5759F303A}
	EndGlobalSection
EndGlobal
